// !$*UTF8*$!
{
	archiveVersion = 1;
	classes = {
	};
	objectVersion = 50;
	objects = {

/* Begin PBXBuildFile section */
		3CEFC65425CF53E000BA1EDF /* LFGGApp.swift in Sources */ = {isa = PBXBuildFile; fileRef = 3CEFC65325CF53E000BA1EDF /* LFGGApp.swift */; };
		3CEFC65625CF53E000BA1EDF /* ContentView.swift in Sources */ = {isa = PBXBuildFile; fileRef = 3CEFC65525CF53E000BA1EDF /* ContentView.swift */; };
		3CEFC65825CF53E400BA1EDF /* Assets.xcassets in Resources */ = {isa = PBXBuildFile; fileRef = 3CEFC65725CF53E400BA1EDF /* Assets.xcassets */; };
		3CEFC65B25CF53E400BA1EDF /* Preview Assets.xcassets in Resources */ = {isa = PBXBuildFile; fileRef = 3CEFC65A25CF53E400BA1EDF /* Preview Assets.xcassets */; };
		3CEFC66625CF53E400BA1EDF /* LFGGTests.swift in Sources */ = {isa = PBXBuildFile; fileRef = 3CEFC66525CF53E400BA1EDF /* LFGGTests.swift */; };
		3CEFC67125CF53E400BA1EDF /* LFGGUITests.swift in Sources */ = {isa = PBXBuildFile; fileRef = 3CEFC67025CF53E400BA1EDF /* LFGGUITests.swift */; };
/* End PBXBuildFile section */

/* Begin PBXContainerItemProxy section */
		3CEFC66225CF53E400BA1EDF /* PBXContainerItemProxy */ = {
			isa = PBXContainerItemProxy;
			containerPortal = 3CEFC64825CF53E000BA1EDF /* Project object */;
			proxyType = 1;
			remoteGlobalIDString = 3CEFC64F25CF53E000BA1EDF;
			remoteInfo = LFGG;
		};
		3CEFC66D25CF53E400BA1EDF /* PBXContainerItemProxy */ = {
			isa = PBXContainerItemProxy;
			containerPortal = 3CEFC64825CF53E000BA1EDF /* Project object */;
			proxyType = 1;
			remoteGlobalIDString = 3CEFC64F25CF53E000BA1EDF;
			remoteInfo = LFGG;
		};
/* End PBXContainerItemProxy section */

/* Begin PBXFileReference section */
		3CEFC65025CF53E000BA1EDF /* LFGG.app */ = {isa = PBXFileReference; explicitFileType = wrapper.application; includeInIndex = 0; path = LFGG.app; sourceTree = BUILT_PRODUCTS_DIR; };
		3CEFC65325CF53E000BA1EDF /* LFGGApp.swift */ = {isa = PBXFileReference; lastKnownFileType = sourcecode.swift; path = LFGGApp.swift; sourceTree = "<group>"; };
		3CEFC65525CF53E000BA1EDF /* ContentView.swift */ = {isa = PBXFileReference; lastKnownFileType = sourcecode.swift; path = ContentView.swift; sourceTree = "<group>"; };
		3CEFC65725CF53E400BA1EDF /* Assets.xcassets */ = {isa = PBXFileReference; lastKnownFileType = folder.assetcatalog; path = Assets.xcassets; sourceTree = "<group>"; };
		3CEFC65A25CF53E400BA1EDF /* Preview Assets.xcassets */ = {isa = PBXFileReference; lastKnownFileType = folder.assetcatalog; path = "Preview Assets.xcassets"; sourceTree = "<group>"; };
		3CEFC65C25CF53E400BA1EDF /* Info.plist */ = {isa = PBXFileReference; lastKnownFileType = text.plist.xml; path = Info.plist; sourceTree = "<group>"; };
		3CEFC66125CF53E400BA1EDF /* LFGGTests.xctest */ = {isa = PBXFileReference; explicitFileType = wrapper.cfbundle; includeInIndex = 0; path = LFGGTests.xctest; sourceTree = BUILT_PRODUCTS_DIR; };
		3CEFC66525CF53E400BA1EDF /* LFGGTests.swift */ = {isa = PBXFileReference; lastKnownFileType = sourcecode.swift; path = LFGGTests.swift; sourceTree = "<group>"; };
		3CEFC66725CF53E400BA1EDF /* Info.plist */ = {isa = PBXFileReference; lastKnownFileType = text.plist.xml; path = Info.plist; sourceTree = "<group>"; };
		3CEFC66C25CF53E400BA1EDF /* LFGGUITests.xctest */ = {isa = PBXFileReference; explicitFileType = wrapper.cfbundle; includeInIndex = 0; path = LFGGUITests.xctest; sourceTree = BUILT_PRODUCTS_DIR; };
		3CEFC67025CF53E400BA1EDF /* LFGGUITests.swift */ = {isa = PBXFileReference; lastKnownFileType = sourcecode.swift; path = LFGGUITests.swift; sourceTree = "<group>"; };
		3CEFC67225CF53E400BA1EDF /* Info.plist */ = {isa = PBXFileReference; lastKnownFileType = text.plist.xml; path = Info.plist; sourceTree = "<group>"; };
/* End PBXFileReference section */

/* Begin PBXFrameworksBuildPhase section */
		3CEFC64D25CF53E000BA1EDF /* Frameworks */ = {
			isa = PBXFrameworksBuildPhase;
			buildActionMask = 2147483647;
			files = (
			);
			runOnlyForDeploymentPostprocessing = 0;
		};
		3CEFC65E25CF53E400BA1EDF /* Frameworks */ = {
			isa = PBXFrameworksBuildPhase;
			buildActionMask = 2147483647;
			files = (
			);
			runOnlyForDeploymentPostprocessing = 0;
		};
		3CEFC66925CF53E400BA1EDF /* Frameworks */ = {
			isa = PBXFrameworksBuildPhase;
			buildActionMask = 2147483647;
			files = (
			);
			runOnlyForDeploymentPostprocessing = 0;
		};
/* End PBXFrameworksBuildPhase section */

/* Begin PBXGroup section */
		3CEFC64725CF53E000BA1EDF = {
			isa = PBXGroup;
			children = (
				3CEFC65225CF53E000BA1EDF /* LFGG */,
				3CEFC66425CF53E400BA1EDF /* LFGGTests */,
				3CEFC66F25CF53E400BA1EDF /* LFGGUITests */,
				3CEFC65125CF53E000BA1EDF /* Products */,
			);
			sourceTree = "<group>";
		};
		3CEFC65125CF53E000BA1EDF /* Products */ = {
			isa = PBXGroup;
			children = (
				3CEFC65025CF53E000BA1EDF /* LFGG.app */,
				3CEFC66125CF53E400BA1EDF /* LFGGTests.xctest */,
				3CEFC66C25CF53E400BA1EDF /* LFGGUITests.xctest */,
			);
			name = Products;
			sourceTree = "<group>";
		};
		3CEFC65225CF53E000BA1EDF /* LFGG */ = {
			isa = PBXGroup;
			children = (
				3CEFC65325CF53E000BA1EDF /* LFGGApp.swift */,
				3CEFC65525CF53E000BA1EDF /* ContentView.swift */,
				3CEFC65725CF53E400BA1EDF /* Assets.xcassets */,
				3CEFC65C25CF53E400BA1EDF /* Info.plist */,
				3CEFC65925CF53E400BA1EDF /* Preview Content */,
			);
			path = LFGG;
			sourceTree = "<group>";
		};
		3CEFC65925CF53E400BA1EDF /* Preview Content */ = {
			isa = PBXGroup;
			children = (
				3CEFC65A25CF53E400BA1EDF /* Preview Assets.xcassets */,
			);
			path = "Preview Content";
			sourceTree = "<group>";
		};
		3CEFC66425CF53E400BA1EDF /* LFGGTests */ = {
			isa = PBXGroup;
			children = (
				3CEFC66525CF53E400BA1EDF /* LFGGTests.swift */,
				3CEFC66725CF53E400BA1EDF /* Info.plist */,
			);
			path = LFGGTests;
			sourceTree = "<group>";
		};
		3CEFC66F25CF53E400BA1EDF /* LFGGUITests */ = {
			isa = PBXGroup;
			children = (
				3CEFC67025CF53E400BA1EDF /* LFGGUITests.swift */,
				3CEFC67225CF53E400BA1EDF /* Info.plist */,
			);
			path = LFGGUITests;
			sourceTree = "<group>";
		};
/* End PBXGroup section */

/* Begin PBXNativeTarget section */
		3CEFC64F25CF53E000BA1EDF /* LFGG */ = {
			isa = PBXNativeTarget;
			buildConfigurationList = 3CEFC67525CF53E400BA1EDF /* Build configuration list for PBXNativeTarget "LFGG" */;
			buildPhases = (
				3CEFC64C25CF53E000BA1EDF /* Sources */,
				3CEFC64D25CF53E000BA1EDF /* Frameworks */,
				3CEFC64E25CF53E000BA1EDF /* Resources */,
			);
			buildRules = (
			);
			dependencies = (
			);
			name = LFGG;
			productName = LFGG;
			productReference = 3CEFC65025CF53E000BA1EDF /* LFGG.app */;
			productType = "com.apple.product-type.application";
		};
		3CEFC66025CF53E400BA1EDF /* LFGGTests */ = {
			isa = PBXNativeTarget;
			buildConfigurationList = 3CEFC67825CF53E400BA1EDF /* Build configuration list for PBXNativeTarget "LFGGTests" */;
			buildPhases = (
				3CEFC65D25CF53E400BA1EDF /* Sources */,
				3CEFC65E25CF53E400BA1EDF /* Frameworks */,
				3CEFC65F25CF53E400BA1EDF /* Resources */,
			);
			buildRules = (
			);
			dependencies = (
				3CEFC66325CF53E400BA1EDF /* PBXTargetDependency */,
			);
			name = LFGGTests;
			productName = LFGGTests;
			productReference = 3CEFC66125CF53E400BA1EDF /* LFGGTests.xctest */;
			productType = "com.apple.product-type.bundle.unit-test";
		};
		3CEFC66B25CF53E400BA1EDF /* LFGGUITests */ = {
			isa = PBXNativeTarget;
			buildConfigurationList = 3CEFC67B25CF53E400BA1EDF /* Build configuration list for PBXNativeTarget "LFGGUITests" */;
			buildPhases = (
				3CEFC66825CF53E400BA1EDF /* Sources */,
				3CEFC66925CF53E400BA1EDF /* Frameworks */,
				3CEFC66A25CF53E400BA1EDF /* Resources */,
			);
			buildRules = (
			);
			dependencies = (
				3CEFC66E25CF53E400BA1EDF /* PBXTargetDependency */,
			);
			name = LFGGUITests;
			productName = LFGGUITests;
			productReference = 3CEFC66C25CF53E400BA1EDF /* LFGGUITests.xctest */;
			productType = "com.apple.product-type.bundle.ui-testing";
		};
/* End PBXNativeTarget section */

/* Begin PBXProject section */
		3CEFC64825CF53E000BA1EDF /* Project object */ = {
			isa = PBXProject;
			attributes = {
				LastSwiftUpdateCheck = 1230;
				LastUpgradeCheck = 1230;
				TargetAttributes = {
					3CEFC64F25CF53E000BA1EDF = {
						CreatedOnToolsVersion = 12.3;
					};
					3CEFC66025CF53E400BA1EDF = {
						CreatedOnToolsVersion = 12.3;
						TestTargetID = 3CEFC64F25CF53E000BA1EDF;
					};
					3CEFC66B25CF53E400BA1EDF = {
						CreatedOnToolsVersion = 12.3;
						TestTargetID = 3CEFC64F25CF53E000BA1EDF;
					};
				};
			};
			buildConfigurationList = 3CEFC64B25CF53E000BA1EDF /* Build configuration list for PBXProject "LFGG" */;
			compatibilityVersion = "Xcode 9.3";
			developmentRegion = en;
			hasScannedForEncodings = 0;
			knownRegions = (
				en,
				Base,
			);
			mainGroup = 3CEFC64725CF53E000BA1EDF;
			productRefGroup = 3CEFC65125CF53E000BA1EDF /* Products */;
			projectDirPath = "";
			projectRoot = "";
			targets = (
				3CEFC64F25CF53E000BA1EDF /* LFGG */,
				3CEFC66025CF53E400BA1EDF /* LFGGTests */,
				3CEFC66B25CF53E400BA1EDF /* LFGGUITests */,
			);
		};
/* End PBXProject section */

/* Begin PBXResourcesBuildPhase section */
		3CEFC64E25CF53E000BA1EDF /* Resources */ = {
			isa = PBXResourcesBuildPhase;
			buildActionMask = 2147483647;
			files = (
				3CEFC65B25CF53E400BA1EDF /* Preview Assets.xcassets in Resources */,
				3CEFC65825CF53E400BA1EDF /* Assets.xcassets in Resources */,
			);
			runOnlyForDeploymentPostprocessing = 0;
		};
		3CEFC65F25CF53E400BA1EDF /* Resources */ = {
			isa = PBXResourcesBuildPhase;
			buildActionMask = 2147483647;
			files = (
			);
			runOnlyForDeploymentPostprocessing = 0;
		};
		3CEFC66A25CF53E400BA1EDF /* Resources */ = {
			isa = PBXResourcesBuildPhase;
			buildActionMask = 2147483647;
			files = (
			);
			runOnlyForDeploymentPostprocessing = 0;
		};
/* End PBXResourcesBuildPhase section */

/* Begin PBXSourcesBuildPhase section */
		3CEFC64C25CF53E000BA1EDF /* Sources */ = {
			isa = PBXSourcesBuildPhase;
			buildActionMask = 2147483647;
			files = (
				3CEFC65625CF53E000BA1EDF /* ContentView.swift in Sources */,
				3CEFC65425CF53E000BA1EDF /* LFGGApp.swift in Sources */,
			);
			runOnlyForDeploymentPostprocessing = 0;
		};
		3CEFC65D25CF53E400BA1EDF /* Sources */ = {
			isa = PBXSourcesBuildPhase;
			buildActionMask = 2147483647;
			files = (
				3CEFC66625CF53E400BA1EDF /* LFGGTests.swift in Sources */,
			);
			runOnlyForDeploymentPostprocessing = 0;
		};
		3CEFC66825CF53E400BA1EDF /* Sources */ = {
			isa = PBXSourcesBuildPhase;
			buildActionMask = 2147483647;
			files = (
				3CEFC67125CF53E400BA1EDF /* LFGGUITests.swift in Sources */,
			);
			runOnlyForDeploymentPostprocessing = 0;
		};
/* End PBXSourcesBuildPhase section */

/* Begin PBXTargetDependency section */
		3CEFC66325CF53E400BA1EDF /* PBXTargetDependency */ = {
			isa = PBXTargetDependency;
			target = 3CEFC64F25CF53E000BA1EDF /* LFGG */;
			targetProxy = 3CEFC66225CF53E400BA1EDF /* PBXContainerItemProxy */;
		};
		3CEFC66E25CF53E400BA1EDF /* PBXTargetDependency */ = {
			isa = PBXTargetDependency;
			target = 3CEFC64F25CF53E000BA1EDF /* LFGG */;
			targetProxy = 3CEFC66D25CF53E400BA1EDF /* PBXContainerItemProxy */;
		};
/* End PBXTargetDependency section */

/* Begin XCBuildConfiguration section */
		3CEFC67325CF53E400BA1EDF /* Debug */ = {
			isa = XCBuildConfiguration;
			buildSettings = {
				ALWAYS_SEARCH_USER_PATHS = NO;
				CLANG_ANALYZER_NONNULL = YES;
				CLANG_ANALYZER_NUMBER_OBJECT_CONVERSION = YES_AGGRESSIVE;
				CLANG_CXX_LANGUAGE_STANDARD = "gnu++14";
				CLANG_CXX_LIBRARY = "libc++";
				CLANG_ENABLE_MODULES = YES;
				CLANG_ENABLE_OBJC_ARC = YES;
				CLANG_ENABLE_OBJC_WEAK = YES;
				CLANG_WARN_BLOCK_CAPTURE_AUTORELEASING = YES;
				CLANG_WARN_BOOL_CONVERSION = YES;
				CLANG_WARN_COMMA = YES;
				CLANG_WARN_CONSTANT_CONVERSION = YES;
				CLANG_WARN_DEPRECATED_OBJC_IMPLEMENTATIONS = YES;
				CLANG_WARN_DIRECT_OBJC_ISA_USAGE = YES_ERROR;
				CLANG_WARN_DOCUMENTATION_COMMENTS = YES;
				CLANG_WARN_EMPTY_BODY = YES;
				CLANG_WARN_ENUM_CONVERSION = YES;
				CLANG_WARN_INFINITE_RECURSION = YES;
				CLANG_WARN_INT_CONVERSION = YES;
				CLANG_WARN_NON_LITERAL_NULL_CONVERSION = YES;
				CLANG_WARN_OBJC_IMPLICIT_RETAIN_SELF = YES;
				CLANG_WARN_OBJC_LITERAL_CONVERSION = YES;
				CLANG_WARN_OBJC_ROOT_CLASS = YES_ERROR;
				CLANG_WARN_QUOTED_INCLUDE_IN_FRAMEWORK_HEADER = YES;
				CLANG_WARN_RANGE_LOOP_ANALYSIS = YES;
				CLANG_WARN_STRICT_PROTOTYPES = YES;
				CLANG_WARN_SUSPICIOUS_MOVE = YES;
				CLANG_WARN_UNGUARDED_AVAILABILITY = YES_AGGRESSIVE;
				CLANG_WARN_UNREACHABLE_CODE = YES;
				CLANG_WARN__DUPLICATE_METHOD_MATCH = YES;
				COPY_PHASE_STRIP = NO;
				DEBUG_INFORMATION_FORMAT = dwarf;
				ENABLE_STRICT_OBJC_MSGSEND = YES;
				ENABLE_TESTABILITY = YES;
				GCC_C_LANGUAGE_STANDARD = gnu11;
				GCC_DYNAMIC_NO_PIC = NO;
				GCC_NO_COMMON_BLOCKS = YES;
				GCC_OPTIMIZATION_LEVEL = 0;
				GCC_PREPROCESSOR_DEFINITIONS = (
					"DEBUG=1",
					"$(inherited)",
				);
				GCC_WARN_64_TO_32_BIT_CONVERSION = YES;
				GCC_WARN_ABOUT_RETURN_TYPE = YES_ERROR;
				GCC_WARN_UNDECLARED_SELECTOR = YES;
				GCC_WARN_UNINITIALIZED_AUTOS = YES_AGGRESSIVE;
				GCC_WARN_UNUSED_FUNCTION = YES;
				GCC_WARN_UNUSED_VARIABLE = YES;
				IPHONEOS_DEPLOYMENT_TARGET = 14.3;
				MTL_ENABLE_DEBUG_INFO = INCLUDE_SOURCE;
				MTL_FAST_MATH = YES;
				ONLY_ACTIVE_ARCH = YES;
				SDKROOT = iphoneos;
				SWIFT_ACTIVE_COMPILATION_CONDITIONS = DEBUG;
				SWIFT_OPTIMIZATION_LEVEL = "-Onone";
			};
			name = Debug;
		};
		3CEFC67425CF53E400BA1EDF /* Release */ = {
			isa = XCBuildConfiguration;
			buildSettings = {
				ALWAYS_SEARCH_USER_PATHS = NO;
				CLANG_ANALYZER_NONNULL = YES;
				CLANG_ANALYZER_NUMBER_OBJECT_CONVERSION = YES_AGGRESSIVE;
				CLANG_CXX_LANGUAGE_STANDARD = "gnu++14";
				CLANG_CXX_LIBRARY = "libc++";
				CLANG_ENABLE_MODULES = YES;
				CLANG_ENABLE_OBJC_ARC = YES;
				CLANG_ENABLE_OBJC_WEAK = YES;
				CLANG_WARN_BLOCK_CAPTURE_AUTORELEASING = YES;
				CLANG_WARN_BOOL_CONVERSION = YES;
				CLANG_WARN_COMMA = YES;
				CLANG_WARN_CONSTANT_CONVERSION = YES;
				CLANG_WARN_DEPRECATED_OBJC_IMPLEMENTATIONS = YES;
				CLANG_WARN_DIRECT_OBJC_ISA_USAGE = YES_ERROR;
				CLANG_WARN_DOCUMENTATION_COMMENTS = YES;
				CLANG_WARN_EMPTY_BODY = YES;
				CLANG_WARN_ENUM_CONVERSION = YES;
				CLANG_WARN_INFINITE_RECURSION = YES;
				CLANG_WARN_INT_CONVERSION = YES;
				CLANG_WARN_NON_LITERAL_NULL_CONVERSION = YES;
				CLANG_WARN_OBJC_IMPLICIT_RETAIN_SELF = YES;
				CLANG_WARN_OBJC_LITERAL_CONVERSION = YES;
				CLANG_WARN_OBJC_ROOT_CLASS = YES_ERROR;
				CLANG_WARN_QUOTED_INCLUDE_IN_FRAMEWORK_HEADER = YES;
				CLANG_WARN_RANGE_LOOP_ANALYSIS = YES;
				CLANG_WARN_STRICT_PROTOTYPES = YES;
				CLANG_WARN_SUSPICIOUS_MOVE = YES;
				CLANG_WARN_UNGUARDED_AVAILABILITY = YES_AGGRESSIVE;
				CLANG_WARN_UNREACHABLE_CODE = YES;
				CLANG_WARN__DUPLICATE_METHOD_MATCH = YES;
				COPY_PHASE_STRIP = NO;
				DEBUG_INFORMATION_FORMAT = "dwarf-with-dsym";
				ENABLE_NS_ASSERTIONS = NO;
				ENABLE_STRICT_OBJC_MSGSEND = YES;
				GCC_C_LANGUAGE_STANDARD = gnu11;
				GCC_NO_COMMON_BLOCKS = YES;
				GCC_WARN_64_TO_32_BIT_CONVERSION = YES;
				GCC_WARN_ABOUT_RETURN_TYPE = YES_ERROR;
				GCC_WARN_UNDECLARED_SELECTOR = YES;
				GCC_WARN_UNINITIALIZED_AUTOS = YES_AGGRESSIVE;
				GCC_WARN_UNUSED_FUNCTION = YES;
				GCC_WARN_UNUSED_VARIABLE = YES;
				IPHONEOS_DEPLOYMENT_TARGET = 14.3;
				MTL_ENABLE_DEBUG_INFO = NO;
				MTL_FAST_MATH = YES;
				SDKROOT = iphoneos;
				SWIFT_COMPILATION_MODE = wholemodule;
				SWIFT_OPTIMIZATION_LEVEL = "-O";
				VALIDATE_PRODUCT = YES;
			};
			name = Release;
		};
		3CEFC67625CF53E400BA1EDF /* Debug */ = {
			isa = XCBuildConfiguration;
			buildSettings = {
				ASSETCATALOG_COMPILER_APPICON_NAME = AppIcon;
				ASSETCATALOG_COMPILER_GLOBAL_ACCENT_COLOR_NAME = AccentColor;
				CODE_SIGN_STYLE = Automatic;
				DEVELOPMENT_ASSET_PATHS = "\"LFGG/Preview Content\"";
				ENABLE_PREVIEWS = YES;
				INFOPLIST_FILE = LFGG/Info.plist;
				IPHONEOS_DEPLOYMENT_TARGET = 14.0;
				LD_RUNPATH_SEARCH_PATHS = (
					"$(inherited)",
					"@executable_path/Frameworks",
				);
				PRODUCT_BUNDLE_IDENTIFIER = com.kimpi.lfgg.LFGG;
				PRODUCT_NAME = "$(TARGET_NAME)";
				SWIFT_VERSION = 5.0;
				TARGETED_DEVICE_FAMILY = "1,2";
			};
			name = Debug;
		};
		3CEFC67725CF53E400BA1EDF /* Release */ = {
			isa = XCBuildConfiguration;
			buildSettings = {
				ASSETCATALOG_COMPILER_APPICON_NAME = AppIcon;
				ASSETCATALOG_COMPILER_GLOBAL_ACCENT_COLOR_NAME = AccentColor;
				CODE_SIGN_STYLE = Automatic;
				DEVELOPMENT_ASSET_PATHS = "\"LFGG/Preview Content\"";
				ENABLE_PREVIEWS = YES;
				INFOPLIST_FILE = LFGG/Info.plist;
				IPHONEOS_DEPLOYMENT_TARGET = 14.0;
				LD_RUNPATH_SEARCH_PATHS = (
					"$(inherited)",
					"@executable_path/Frameworks",
				);
				PRODUCT_BUNDLE_IDENTIFIER = com.kimpi.lfgg.LFGG;
				PRODUCT_NAME = "$(TARGET_NAME)";
				SWIFT_VERSION = 5.0;
				TARGETED_DEVICE_FAMILY = "1,2";
			};
			name = Release;
		};
		3CEFC67925CF53E400BA1EDF /* Debug */ = {
			isa = XCBuildConfiguration;
			buildSettings = {
				ALWAYS_EMBED_SWIFT_STANDARD_LIBRARIES = YES;
				BUNDLE_LOADER = "$(TEST_HOST)";
				CODE_SIGN_STYLE = Automatic;
				INFOPLIST_FILE = LFGGTests/Info.plist;
				IPHONEOS_DEPLOYMENT_TARGET = 14.0;
				LD_RUNPATH_SEARCH_PATHS = (
					"$(inherited)",
					"@executable_path/Frameworks",
					"@loader_path/Frameworks",
				);
				PRODUCT_BUNDLE_IDENTIFIER = com.kimpi.lfgg.LFGGTests;
				PRODUCT_NAME = "$(TARGET_NAME)";
				SWIFT_VERSION = 5.0;
				TARGETED_DEVICE_FAMILY = "1,2";
				TEST_HOST = "$(BUILT_PRODUCTS_DIR)/LFGG.app/LFGG";
			};
			name = Debug;
		};
		3CEFC67A25CF53E400BA1EDF /* Release */ = {
			isa = XCBuildConfiguration;
			buildSettings = {
				ALWAYS_EMBED_SWIFT_STANDARD_LIBRARIES = YES;
				BUNDLE_LOADER = "$(TEST_HOST)";
				CODE_SIGN_STYLE = Automatic;
				INFOPLIST_FILE = LFGGTests/Info.plist;
				IPHONEOS_DEPLOYMENT_TARGET = 14.0;
				LD_RUNPATH_SEARCH_PATHS = (
					"$(inherited)",
					"@executable_path/Frameworks",
					"@loader_path/Frameworks",
				);
				PRODUCT_BUNDLE_IDENTIFIER = com.kimpi.lfgg.LFGGTests;
				PRODUCT_NAME = "$(TARGET_NAME)";
				SWIFT_VERSION = 5.0;
				TARGETED_DEVICE_FAMILY = "1,2";
				TEST_HOST = "$(BUILT_PRODUCTS_DIR)/LFGG.app/LFGG";
			};
			name = Release;
		};
		3CEFC67C25CF53E400BA1EDF /* Debug */ = {
			isa = XCBuildConfiguration;
			buildSettings = {
				ALWAYS_EMBED_SWIFT_STANDARD_LIBRARIES = YES;
				CODE_SIGN_STYLE = Automatic;
				INFOPLIST_FILE = LFGGUITests/Info.plist;
				LD_RUNPATH_SEARCH_PATHS = (
					"$(inherited)",
					"@executable_path/Frameworks",
					"@loader_path/Frameworks",
				);
				PRODUCT_BUNDLE_IDENTIFIER = com.kimpi.lfgg.LFGGUITests;
				PRODUCT_NAME = "$(TARGET_NAME)";
				SWIFT_VERSION = 5.0;
				TARGETED_DEVICE_FAMILY = "1,2";
				TEST_TARGET_NAME = LFGG;
			};
			name = Debug;
		};
		3CEFC67D25CF53E400BA1EDF /* Release */ = {
			isa = XCBuildConfiguration;
			buildSettings = {
				ALWAYS_EMBED_SWIFT_STANDARD_LIBRARIES = YES;
				CODE_SIGN_STYLE = Automatic;
				INFOPLIST_FILE = LFGGUITests/Info.plist;
				LD_RUNPATH_SEARCH_PATHS = (
					"$(inherited)",
					"@executable_path/Frameworks",
					"@loader_path/Frameworks",
				);
				PRODUCT_BUNDLE_IDENTIFIER = com.kimpi.lfgg.LFGGUITests;
				PRODUCT_NAME = "$(TARGET_NAME)";
				SWIFT_VERSION = 5.0;
				TARGETED_DEVICE_FAMILY = "1,2";
				TEST_TARGET_NAME = LFGG;
			};
			name = Release;
		};
/* End XCBuildConfiguration section */

/* Begin XCConfigurationList section */
		3CEFC64B25CF53E000BA1EDF /* Build configuration list for PBXProject "LFGG" */ = {
			isa = XCConfigurationList;
			buildConfigurations = (
				3CEFC67325CF53E400BA1EDF /* Debug */,
				3CEFC67425CF53E400BA1EDF /* Release */,
			);
			defaultConfigurationIsVisible = 0;
			defaultConfigurationName = Release;
		};
		3CEFC67525CF53E400BA1EDF /* Build configuration list for PBXNativeTarget "LFGG" */ = {
			isa = XCConfigurationList;
			buildConfigurations = (
				3CEFC67625CF53E400BA1EDF /* Debug */,
				3CEFC67725CF53E400BA1EDF /* Release */,
			);
			defaultConfigurationIsVisible = 0;
			defaultConfigurationName = Release;
		};
		3CEFC67825CF53E400BA1EDF /* Build configuration list for PBXNativeTarget "LFGGTests" */ = {
			isa = XCConfigurationList;
			buildConfigurations = (
				3CEFC67925CF53E400BA1EDF /* Debug */,
				3CEFC67A25CF53E400BA1EDF /* Release */,
			);
			defaultConfigurationIsVisible = 0;
			defaultConfigurationName = Release;
		};
		3CEFC67B25CF53E400BA1EDF /* Build configuration list for PBXNativeTarget "LFGGUITests" */ = {
			isa = XCConfigurationList;
			buildConfigurations = (
				3CEFC67C25CF53E400BA1EDF /* Debug */,
				3CEFC67D25CF53E400BA1EDF /* Release */,
			);
			defaultConfigurationIsVisible = 0;
			defaultConfigurationName = Release;
		};
/* End XCConfigurationList section */
	};
	rootObject = 3CEFC64825CF53E000BA1EDF /* Project object */;
}
